
Microsoft Visual Studio Solution File, Format Version 12.00
# Visual Studio Version 17
VisualStudioVersion = 17.2.32519.379
MinimumVisualStudioVersion = 10.0.40219.1
Project("{FAE04EC0-301F-11D3-BF4B-00C04F79EFBC}") = "EmployeeApi", "EmployeeApi\EmployeeApi.csproj", "{07F30C93-EE4E-492B-ACD8-FF5B35F6E8AB}"
EndProject
Project("{FAE04EC0-301F-11D3-BF4B-00C04F79EFBC}") = "Infrastructuur", "Infrastructuur\Infrastructuur.csproj", "{2F8E5102-9261-4438-9968-3312DC6E97FF}"
EndProject
Global
	GlobalSection(SolutionConfigurationPlatforms) = preSolution
		Debug|Any CPU = Debug|Any CPU
		Release|Any CPU = Release|Any CPU
	EndGlobalSection
	GlobalSection(ProjectConfigurationPlatforms) = postSolution
		{07F30C93-EE4E-492B-ACD8-FF5B35F6E8AB}.Debug|Any CPU.ActiveCfg = Debug|Any CPU
		{07F30C93-EE4E-492B-ACD8-FF5B35F6E8AB}.Debug|Any CPU.Build.0 = Debug|Any CPU
		{07F30C93-EE4E-492B-ACD8-FF5B35F6E8AB}.Release|Any CPU.ActiveCfg = Release|Any CPU
		{07F30C93-EE4E-492B-ACD8-FF5B35F6E8AB}.Release|Any CPU.Build.0 = Release|Any CPU
		{2F8E5102-9261-4438-9968-3312DC6E97FF}.Debug|Any CPU.ActiveCfg = Debug|Any CPU
		{2F8E5102-9261-4438-9968-3312DC6E97FF}.Debug|Any CPU.Build.0 = Debug|Any CPU
		{2F8E5102-9261-4438-9968-3312DC6E97FF}.Release|Any CPU.ActiveCfg = Release|Any CPU
		{2F8E5102-9261-4438-9968-3312DC6E97FF}.Release|Any CPU.Build.0 = Release|Any CPU
	EndGlobalSection
	GlobalSection(SolutionProperties) = preSolution
		HideSolutionNode = FALSE
	EndGlobalSection
	GlobalSection(ExtensibilityGlobals) = postSolution
		SolutionGuid = {D442548D-E730-4F15-9F61-35F34E6B5F66}
	EndGlobalSection
EndGlobal
